
Microsoft Visual Studio Solution File, Format Version 12.00
# Visual Studio Version 17
VisualStudioVersion = 17.6.33723.286
MinimumVisualStudioVersion = 10.0.40219.1
Project("{9A19103F-16F7-4668-BE54-9A1E7A4F7556}") = "TestTask_Roman", "TestTask_Roman\TestTask_Roman.csproj", "{A1687F80-2DBF-40B4-8D05-87010BAFCF71}"
EndProject
Project("{2150E333-8FDC-42A3-9474-1A3956D46DE8}") = "Solution Items", "Solution Items", "{C293A9D6-3873-49CB-A77B-AFA9809DAF69}"
	ProjectSection(SolutionItems) = preProject
		.editorconfig = .editorconfig
	EndProjectSection
EndProject
Global
	GlobalSection(SolutionConfigurationPlatforms) = preSolution
		Debug|Any CPU = Debug|Any CPU
		Release|Any CPU = Release|Any CPU
	EndGlobalSection
	GlobalSection(ProjectConfigurationPlatforms) = postSolution
		{A1687F80-2DBF-40B4-8D05-87010BAFCF71}.Debug|Any CPU.ActiveCfg = Debug|Any CPU
		{A1687F80-2DBF-40B4-8D05-87010BAFCF71}.Debug|Any CPU.Build.0 = Debug|Any CPU
		{A1687F80-2DBF-40B4-8D05-87010BAFCF71}.Release|Any CPU.ActiveCfg = Release|Any CPU
		{A1687F80-2DBF-40B4-8D05-87010BAFCF71}.Release|Any CPU.Build.0 = Release|Any CPU
	EndGlobalSection
	GlobalSection(SolutionProperties) = preSolution
		HideSolutionNode = FALSE
	EndGlobalSection
	GlobalSection(ExtensibilityGlobals) = postSolution
		SolutionGuid = {9CCD4DAC-E704-4DA6-96BE-AF447FD41216}
	EndGlobalSection
EndGlobal
